
Microsoft Visual Studio Solution File, Format Version 12.00
# Visual Studio Version 16
VisualStudioVersion = 16.0.28606.126
MinimumVisualStudioVersion = 10.0.40219.1
Project("{FAE04EC0-301F-11D3-BF4B-00C04F79EFBC}") = "WPFMediaTest", "WPFMediaTest.csproj", "{489963B0-B324-419F-A96B-43109ED9108D}"
EndProject
Global
	GlobalSection(SolutionConfigurationPlatforms) = preSolution
		Debug|Any CPU = Debug|Any CPU
		Release|Any CPU = Release|Any CPU
	EndGlobalSection
	GlobalSection(ProjectConfigurationPlatforms) = postSolution
		{489963B0-B324-419F-A96B-43109ED9108D}.Debug|Any CPU.ActiveCfg = Debug|Any CPU
		{489963B0-B324-419F-A96B-43109ED9108D}.Debug|Any CPU.Build.0 = Debug|Any CPU
		{489963B0-B324-419F-A96B-43109ED9108D}.Release|Any CPU.ActiveCfg = Release|Any CPU
		{489963B0-B324-419F-A96B-43109ED9108D}.Release|Any CPU.Build.0 = Release|Any CPU
	EndGlobalSection
	GlobalSection(SolutionProperties) = preSolution
		HideSolutionNode = FALSE
	EndGlobalSection
	GlobalSection(ExtensibilityGlobals) = postSolution
		SolutionGuid = {6AADFBBB-125C-4F9B-8688-0503C54C3E1D}
	EndGlobalSection
EndGlobal
